{
	archiveVersion = 1;
	classes = {
	};
	objectVersion = 30;
	objects = {
		0263D66E00362468CB0D2049 = {
			isa = PBXFileReference;
			path = Meerkat.h;
			refType = 4;
		};
		0263D66F00362468CB0D2049 = {
			isa = PBXFileReference;
			path = Meerkat.m;
			refType = 4;
		};
		0263D67000362468CB0D2049 = {
			isa = PBXFileReference;
			path = sample.h;
			refType = 4;
		};
		0263D67100362468CB0D2049 = {
			isa = PBXFileReference;
			path = StateNaming.h;
			refType = 4;
		};
		0263D67200362468CB0D2049 = {
			fileRef = 0263D66E00362468CB0D2049;
			isa = PBXBuildFile;
			settings = {
				INCLUDED_OSS = (
					MACOS,
					WINDOWS,
					PDOUNIX,
				);
			};
		};
		0263D67300362468CB0D2049 = {
			fileRef = 0263D67000362468CB0D2049;
			isa = PBXBuildFile;
			settings = {
				INCLUDED_OSS = (
					MACOS,
					WINDOWS,
					PDOUNIX,
				);
			};
		};
		0263D67400362468CB0D2049 = {
			fileRef = 0263D67100362468CB0D2049;
			isa = PBXBuildFile;
			settings = {
				INCLUDED_OSS = (
					MACOS,
					WINDOWS,
					PDOUNIX,
				);
			};
		};
		034768E6FF38A76511DB9C8B = {
			isa = PBXExecutableFileReference;
			path = XMLRPCTestClient;
			refType = 3;
		};
		03EC96D200363020CB0D2049 = {
			fileRef = 0263D66F00362468CB0D2049;
			isa = PBXBuildFile;
			settings = {
				ATTRIBUTES = (
					Debug,
				);
				INCLUDED_OSS = (
					MACOS,
					WINDOWS,
					PDOUNIX,
				);
			};
		};
		06D24DDF0037A503CB0D2049 = {
			isa = PBXFileReference;
			name = libMallocDebug.a;
			path = /usr/lib/libMallocDebug.a;
			refType = 0;
		};
		06D24DE00037A503CB0D2049 = {
			fileRef = 06D24DDF0037A503CB0D2049;
			isa = PBXBuildFile;
			settings = {
				INCLUDED_OSS = (
					MACOS,
					WINDOWS,
					PDOUNIX,
				);
			};
		};
		08FB7793FE84155DC02AAC07 = {
			isa = PBXProject;
			mainGroup = 08FB7794FE84155DC02AAC07;
			projectDirPath = .;
			targets = (
				08FB779FFE84155DC02AAC07,
			);
		};
		08FB7794FE84155DC02AAC07 = {
			children = (
				08FB7795FE84155DC02AAC07,
				08FB779DFE84155DC02AAC07,
				1AB674ADFE9D54B511CA2CBB,
			);
			isa = PBXGroup;
			name = XMLRPCTestClient;
			refType = 4;
		};
		08FB7795FE84155DC02AAC07 = {
			children = (
				08FB7796FE84155DC02AAC07,
				0263D66E00362468CB0D2049,
				0263D66F00362468CB0D2049,
				0263D67000362468CB0D2049,
				0263D67100362468CB0D2049,
			);
			isa = PBXGroup;
			name = Source;
			refType = 4;
		};
		08FB7796FE84155DC02AAC07 = {
			isa = PBXFileReference;
			path = main.m;
			refType = 4;
		};
		08FB779DFE84155DC02AAC07 = {
			children = (
				08FB779EFE84155DC02AAC07,
			);
			isa = PBXGroup;
			name = "External Frameworks and Libraries";
			refType = 4;
		};
		08FB779EFE84155DC02AAC07 = {
			isa = PBXFrameworkReference;
			name = Foundation.framework;
			path = /System/Library/Frameworks/Foundation.framework;
			refType = 0;
		};
		08FB779FFE84155DC02AAC07 = {
			buildPhases = (
				08FB77A0FE84155DC02AAC07,
				08FB77A1FE84155DC02AAC07,
				08FB77A3FE84155DC02AAC07,
				08FB77A5FE84155DC02AAC07,
			);
			buildSettings = {
				FRAMEWORK_SEARCH_PATHS = "";
				HEADER_SEARCH_PATHS = "";
				LIBRARY_SEARCH_PATHS = "";
				OPTIMIZATION_CFLAGS = "";
				OTHER_CFLAGS = "";
				OTHER_LDFLAGS = "";
				OTHER_REZFLAGS = "";
				REZ_EXECUTABLE = YES;
				SECTORDER_FLAGS = "";
				WARNING_CFLAGS = "-Wmost -Wno-four-char-constants -Wno-unknown-pragmas";
			};
			conditionalBuildSettings = {
			};
			dependencies = (
			);
			isa = PBXToolTarget;
			name = XMLRPCTestClient;
			productInstallPath = "$(HOME)/bin";
			productName = XMLRPCTestClient;
			productReference = 034768E6FF38A76511DB9C8B;
			shouldUseHeadermap = 1;
		};
		08FB77A0FE84155DC02AAC07 = {
			buildActionMask = 2147483647;
			files = (
				0263D67200362468CB0D2049,
				0263D67300362468CB0D2049,
				0263D67400362468CB0D2049,
			);
			isa = PBXHeadersBuildPhase;
			name = Headers;
		};
		08FB77A1FE84155DC02AAC07 = {
			buildActionMask = 2147483647;
			files = (
				08FB77A2FE84155DC02AAC07,
				03EC96D200363020CB0D2049,
			);
			isa = PBXSourcesBuildPhase;
			name = Sources;
		};
		08FB77A2FE84155DC02AAC07 = {
			fileRef = 08FB7796FE84155DC02AAC07;
			isa = PBXBuildFile;
			settings = {
				ATTRIBUTES = (
					Debug,
				);
				INCLUDED_OSS = (
					MACOS,
					WINDOWS,
					PDOUNIX,
				);
			};
		};
		08FB77A3FE84155DC02AAC07 = {
			buildActionMask = 2147483647;
			files = (
				08FB77A4FE84155DC02AAC07,
				137825AC00351E4CCB0D2049,
				06D24DE00037A503CB0D2049,
			);
			isa = PBXFrameworksBuildPhase;
			name = "Frameworks & Libraries";
		};
		08FB77A4FE84155DC02AAC07 = {
			fileRef = 08FB779EFE84155DC02AAC07;
			isa = PBXBuildFile;
			settings = {
				INCLUDED_OSS = (
					MACOS,
					WINDOWS,
					PDOUNIX,
				);
			};
		};
		08FB77A5FE84155DC02AAC07 = {
			buildActionMask = 2147483647;
			files = (
			);
			isa = PBXRezBuildPhase;
			name = "ResourceManager Resources";
		};
		137825AB00351E4CCB0D2049 = {
			isa = PBXFrameworkReference;
			name = XMLRPCObjC.framework;
			path = /Library/Frameworks/XMLRPCObjC.framework;
			refType = 0;
		};
		137825AC00351E4CCB0D2049 = {
			fileRef = 137825AB00351E4CCB0D2049;
			isa = PBXBuildFile;
			settings = {
				INCLUDED_OSS = (
					MACOS,
					WINDOWS,
					PDOUNIX,
				);
			};
		};
		1AB674ADFE9D54B511CA2CBB = {
			children = (
				034768E6FF38A76511DB9C8B,
				137825AB00351E4CCB0D2049,
				06D24DDF0037A503CB0D2049,
			);
			isa = PBXGroup;
			name = Products;
			refType = 4;
		};
	};
	rootObject = 08FB7793FE84155DC02AAC07;
}
