{
	archiveVersion = 1;
	classes = {
	};
	objectVersion = 30;
	objects = {
		0257D334003A88C9CB0D2049 = {
			isa = PBXFileReference;
			path = main.c;
			refType = 4;
		};
		0257D335003A88C9CB0D2049 = {
			isa = PBXFileReference;
			path = NSHTTPConnection.h;
			refType = 4;
		};
		0257D336003A88C9CB0D2049 = {
			isa = PBXFileReference;
			path = XMLRPCClient.h;
			refType = 4;
		};
		0257D337003A88C9CB0D2049 = {
			isa = PBXFileReference;
			path = XMLRPCClient.m;
			refType = 4;
		};
		0257D338003A88C9CB0D2049 = {
			isa = PBXFileReference;
			path = XMLRPCMethodRegistry.h;
			refType = 4;
		};
		0257D339003A88C9CB0D2049 = {
			isa = PBXFileReference;
			path = XMLRPCMethodRegistry.m;
			refType = 4;
		};
		0257D33A003A88C9CB0D2049 = {
			isa = PBXFileReference;
			path = XMLRPCMethodSignature.h;
			refType = 4;
		};
		0257D33B003A88C9CB0D2049 = {
			isa = PBXFileReference;
			path = XMLRPCMethodSignature.m;
			refType = 4;
		};
		0257D33C003A88C9CB0D2049 = {
			isa = PBXFileReference;
			path = XMLRPCNSHTTPClient.h;
			refType = 4;
		};
		0257D33D003A88C9CB0D2049 = {
			isa = PBXFileReference;
			path = XMLRPCNSHTTPClient.m;
			refType = 4;
		};
		0257D33E003A88C9CB0D2049 = {
			isa = PBXFileReference;
			path = XMLRPCObjC.h;
			refType = 4;
		};
		0257D33F003A88C9CB0D2049 = {
			isa = PBXFileReference;
			path = XMLRPCPrivate.h;
			refType = 4;
		};
		0257D340003A88C9CB0D2049 = {
			isa = PBXFileReference;
			path = XMLRPCProxy.h;
			refType = 4;
		};
		0257D341003A88C9CB0D2049 = {
			isa = PBXFileReference;
			path = XMLRPCProxy.m;
			refType = 4;
		};
		0257D342003A88C9CB0D2049 = {
			isa = PBXFileReference;
			path = XMLRPCServer.h;
			refType = 4;
		};
		0257D343003A88C9CB0D2049 = {
			isa = PBXFileReference;
			path = XMLRPCServer.m;
			refType = 4;
		};
		034768DFFF38A50411DB9C8B = {
			children = (
				034768E0FF38A50411DB9C8B,
			);
			isa = PBXGroup;
			name = Products;
			refType = 4;
		};
		034768E0FF38A50411DB9C8B = {
			isa = PBXFrameworkReference;
			path = XMLRPCObjC.framework;
			refType = 3;
		};
		049D0FD7003A8BF5CB0D2049 = {
			fileRef = 0257D336003A88C9CB0D2049;
			isa = PBXBuildFile;
			settings = {
				ATTRIBUTES = (
					Public,
				);
				INCLUDED_OSS = (
					MACOS,
					WINDOWS,
					PDOUNIX,
				);
			};
		};
		049D0FD8003A8BF5CB0D2049 = {
			fileRef = 0257D33A003A88C9CB0D2049;
			isa = PBXBuildFile;
			settings = {
				ATTRIBUTES = (
					Private,
				);
				INCLUDED_OSS = (
					MACOS,
					WINDOWS,
					PDOUNIX,
				);
			};
		};
		049D0FD9003A8BF5CB0D2049 = {
			fileRef = 0257D33E003A88C9CB0D2049;
			isa = PBXBuildFile;
			settings = {
				ATTRIBUTES = (
					Public,
				);
				INCLUDED_OSS = (
					MACOS,
					WINDOWS,
					PDOUNIX,
				);
			};
		};
		049D0FDA003A8BF5CB0D2049 = {
			fileRef = 0257D33F003A88C9CB0D2049;
			isa = PBXBuildFile;
			settings = {
				ATTRIBUTES = (
					Private,
				);
				INCLUDED_OSS = (
					MACOS,
					WINDOWS,
					PDOUNIX,
				);
			};
		};
		049D0FDB003A8BF5CB0D2049 = {
			fileRef = 0257D340003A88C9CB0D2049;
			isa = PBXBuildFile;
			settings = {
				ATTRIBUTES = (
					Public,
				);
				INCLUDED_OSS = (
					MACOS,
					WINDOWS,
					PDOUNIX,
				);
			};
		};
		049D0FDC003A8BF5CB0D2049 = {
			fileRef = 0257D342003A88C9CB0D2049;
			isa = PBXBuildFile;
			settings = {
				ATTRIBUTES = (
					Public,
				);
				INCLUDED_OSS = (
					MACOS,
					WINDOWS,
					PDOUNIX,
				);
			};
		};
		049D0FDD003A8BF5CB0D2049 = {
			fileRef = 0257D334003A88C9CB0D2049;
			isa = PBXBuildFile;
			settings = {
				ATTRIBUTES = (
					Debug,
				);
				INCLUDED_OSS = (
					MACOS,
					WINDOWS,
					PDOUNIX,
				);
			};
		};
		049D0FDE003A8BF5CB0D2049 = {
			fileRef = 0257D337003A88C9CB0D2049;
			isa = PBXBuildFile;
			settings = {
				ATTRIBUTES = (
					Debug,
				);
				INCLUDED_OSS = (
					MACOS,
					WINDOWS,
					PDOUNIX,
				);
			};
		};
		049D0FDF003A8BF5CB0D2049 = {
			fileRef = 0257D33B003A88C9CB0D2049;
			isa = PBXBuildFile;
			settings = {
				ATTRIBUTES = (
					Debug,
				);
				INCLUDED_OSS = (
					MACOS,
					WINDOWS,
					PDOUNIX,
				);
			};
		};
		049D0FE0003A8BF5CB0D2049 = {
			fileRef = 0257D341003A88C9CB0D2049;
			isa = PBXBuildFile;
			settings = {
				ATTRIBUTES = (
					Debug,
				);
				INCLUDED_OSS = (
					MACOS,
					WINDOWS,
					PDOUNIX,
				);
			};
		};
		049D0FE1003A8BF5CB0D2049 = {
			fileRef = 0257D343003A88C9CB0D2049;
			isa = PBXBuildFile;
			settings = {
				ATTRIBUTES = (
					Debug,
				);
				INCLUDED_OSS = (
					MACOS,
					WINDOWS,
					PDOUNIX,
				);
			};
		};
		049D0FE4003A954ECB0D2049 = {
			isa = PBXFrameworkReference;
			name = XMLRPCGlue.framework;
			path = /Library/Frameworks/XMLRPCGlue.framework;
			refType = 0;
		};
		049D0FE5003A954ECB0D2049 = {
			fileRef = 049D0FE4003A954ECB0D2049;
			isa = PBXBuildFile;
			settings = {
				INCLUDED_OSS = (
					MACOS,
					WINDOWS,
					PDOUNIX,
				);
			};
		};
		0867D690FE84028FC02AAC07 = {
			isa = PBXProject;
			mainGroup = 0867D691FE84028FC02AAC07;
			productRefGroup = 034768DFFF38A50411DB9C8B;
			projectDirPath = .;
			targets = (
				0867D69CFE84028FC02AAC07,
			);
		};
		0867D691FE84028FC02AAC07 = {
			children = (
				08FB77AEFE84172EC02AAC07,
				089C1665FE841158C02AAC07,
				0867D69AFE84028FC02AAC07,
				034768DFFF38A50411DB9C8B,
			);
			comments = "";
			isa = PBXGroup;
			name = XMLRPCObjC;
			refType = 4;
		};
		0867D69AFE84028FC02AAC07 = {
			children = (
				1058C7B0FEA5585E11CA2CBB,
				1058C7B2FEA5585E11CA2CBB,
			);
			isa = PBXGroup;
			name = "External Frameworks and Libraries";
			refType = 4;
		};
		0867D69CFE84028FC02AAC07 = {
			buildPhases = (
				0867D69DFE84028FC02AAC07,
				0867D69EFE84028FC02AAC07,
				0867D69FFE84028FC02AAC07,
				0867D6A0FE84028FC02AAC07,
				0867D6A2FE84028FC02AAC07,
			);
			buildSettings = {
				DYLIB_COMPATIBILITY_VERSION = 1;
				DYLIB_CURRENT_VERSION = 1;
				FRAMEWORK_SEARCH_PATHS = "";
				FRAMEWORK_VERSION = A;
				HEADER_SEARCH_PATHS = "/usr/local/include ..";
				LIBRARY_SEARCH_PATHS = /usr/local/lib;
				OPTIMIZATION_CFLAGS = "";
				OTHER_CFLAGS = "-g";
				OTHER_LDFLAGS = "-g";
				SECTORDER_FLAGS = "";
				WARNING_CFLAGS = "-Wmost -Wno-four-char-constants -Wno-unknown-pragmas";
				WRAPPER_EXTENSION = framework;
			};
			comments = "";
			conditionalBuildSettings = {
			};
			dependencies = (
			);
			isa = PBXFrameworkTarget;
			name = XMLRPCObjC;
			productInstallPath = /Library/Frameworks;
			productName = XMLRPCObjC;
			productReference = 034768E0FF38A50411DB9C8B;
			productSettingsXML = "<?xml version=\"1.0\" encoding=\"UTF-8\"?>
<!DOCTYPE plist SYSTEM \"file://localhost/System/Library/DTDs/PropertyList.dtd\">
<plist version=\"0.9\">
<dict>
	<key>CFBundleDevelopmentRegion</key>
	<string>English</string>
	<key>CFBundleExecutable</key>
	<string>XMLRPCObjC</string>
	<key>CFBundleIconFile</key>
	<string></string>
	<key>CFBundleIdentifier</key>
	<string></string>
	<key>CFBundleInfoDictionaryVersion</key>
	<string>6.0</string>
	<key>CFBundlePackageType</key>
	<string>FMWK</string>
	<key>CFBundleSignature</key>
	<string>????</string>
	<key>CFBundleVersion</key>
	<string>0.0.1d1</string>
	<key>NSPrincipalClass</key>
	<string></string>
</dict>
</plist>
";
			shouldUseHeadermap = 1;
		};
		0867D69DFE84028FC02AAC07 = {
			buildActionMask = 2147483647;
			files = (
				049D0FD7003A8BF5CB0D2049,
				049D0FD8003A8BF5CB0D2049,
				049D0FD9003A8BF5CB0D2049,
				049D0FDA003A8BF5CB0D2049,
				049D0FDB003A8BF5CB0D2049,
				049D0FDC003A8BF5CB0D2049,
			);
			isa = PBXHeadersBuildPhase;
			name = Headers;
		};
		0867D69EFE84028FC02AAC07 = {
			buildActionMask = 2147483647;
			files = (
				089C1668FE841158C02AAC07,
			);
			isa = PBXResourcesBuildPhase;
			name = "Bundle Resources";
		};
		0867D69FFE84028FC02AAC07 = {
			buildActionMask = 2147483647;
			files = (
				049D0FDD003A8BF5CB0D2049,
				049D0FDE003A8BF5CB0D2049,
				049D0FDF003A8BF5CB0D2049,
				049D0FE0003A8BF5CB0D2049,
				049D0FE1003A8BF5CB0D2049,
			);
			isa = PBXSourcesBuildPhase;
			name = Sources;
		};
		0867D6A0FE84028FC02AAC07 = {
			buildActionMask = 2147483647;
			files = (
				28AD56060034376DCB0D2049,
				049D0FE5003A954ECB0D2049,
			);
			isa = PBXFrameworksBuildPhase;
			name = "Frameworks & Libraries";
		};
		0867D6A2FE84028FC02AAC07 = {
			buildActionMask = 2147483647;
			files = (
			);
			isa = PBXRezBuildPhase;
			name = "ResourceManager Resources";
		};
		089C1665FE841158C02AAC07 = {
			children = (
				089C1666FE841158C02AAC07,
			);
			isa = PBXGroup;
			name = Resources;
			refType = 4;
		};
		089C1666FE841158C02AAC07 = {
			children = (
				089C1667FE841158C02AAC07,
			);
			isa = PBXVariantGroup;
			name = InfoPlist.strings;
			refType = 4;
		};
		089C1667FE841158C02AAC07 = {
			isa = PBXFileReference;
			name = English;
			path = English.lproj/InfoPlist.strings;
			refType = 4;
		};
		089C1668FE841158C02AAC07 = {
			fileRef = 089C1666FE841158C02AAC07;
			isa = PBXBuildFile;
			settings = {
				INCLUDED_OSS = (
					MACOS,
					WINDOWS,
					PDOUNIX,
				);
			};
		};
		08FB77AEFE84172EC02AAC07 = {
			children = (
				0257D334003A88C9CB0D2049,
				0257D335003A88C9CB0D2049,
				0257D336003A88C9CB0D2049,
				0257D337003A88C9CB0D2049,
				0257D338003A88C9CB0D2049,
				0257D339003A88C9CB0D2049,
				0257D33A003A88C9CB0D2049,
				0257D33B003A88C9CB0D2049,
				0257D33C003A88C9CB0D2049,
				0257D33D003A88C9CB0D2049,
				0257D33E003A88C9CB0D2049,
				0257D33F003A88C9CB0D2049,
				0257D340003A88C9CB0D2049,
				0257D341003A88C9CB0D2049,
				0257D342003A88C9CB0D2049,
				0257D343003A88C9CB0D2049,
			);
			isa = PBXGroup;
			name = Classes;
			refType = 4;
		};
		1058C7B0FEA5585E11CA2CBB = {
			children = (
				28AD56050034376DCB0D2049,
				049D0FE4003A954ECB0D2049,
			);
			isa = PBXGroup;
			name = "Linked Frameworks";
			refType = 4;
		};
		1058C7B2FEA5585E11CA2CBB = {
			children = (
			);
			isa = PBXGroup;
			name = "Other Frameworks";
			refType = 4;
		};
		28AD56050034376DCB0D2049 = {
			isa = PBXFrameworkReference;
			name = Foundation.framework;
			path = /System/Library/Frameworks/Foundation.framework;
			refType = 0;
		};
		28AD56060034376DCB0D2049 = {
			fileRef = 28AD56050034376DCB0D2049;
			isa = PBXBuildFile;
			settings = {
				INCLUDED_OSS = (
					MACOS,
					WINDOWS,
					PDOUNIX,
				);
			};
		};
	};
	rootObject = 0867D690FE84028FC02AAC07;
}
